
Microsoft Visual Studio Solution File, Format Version 12.00
# Visual Studio Version 17
VisualStudioVersion = 17.12.35527.113 d17.12
MinimumVisualStudioVersion = 10.0.40219.1
Project("{FAE04EC0-301F-11D3-BF4B-00C04F79EFBC}") = "RecipeOrganizatorMVC", "RecipeOrganizatorMVC.csproj", "{68408869-7E93-406A-A042-53FF8B15AC25}"
EndProject
Global
	GlobalSection(SolutionConfigurationPlatforms) = preSolution
		Debug|Any CPU = Debug|Any CPU
		Release|Any CPU = Release|Any CPU
	EndGlobalSection
	GlobalSection(ProjectConfigurationPlatforms) = postSolution
		{68408869-7E93-406A-A042-53FF8B15AC25}.Debug|Any CPU.ActiveCfg = Debug|Any CPU
		{68408869-7E93-406A-A042-53FF8B15AC25}.Debug|Any CPU.Build.0 = Debug|Any CPU
		{68408869-7E93-406A-A042-53FF8B15AC25}.Release|Any CPU.ActiveCfg = Release|Any CPU
		{68408869-7E93-406A-A042-53FF8B15AC25}.Release|Any CPU.Build.0 = Release|Any CPU
	EndGlobalSection
	GlobalSection(SolutionProperties) = preSolution
		HideSolutionNode = FALSE
	EndGlobalSection
EndGlobal
